// !$*UTF8*$!
{
	archiveVersion = 1;
	classes = {
	};
	objectVersion = 46;
	objects = {

/* Begin PBXBuildFile section */
		1AEA47F3C2E6429AB65213ED /* libPods.a in Frameworks */ = {isa = PBXBuildFile; fileRef = C0742E63E87F4EEA8601DCD5 /* libPods.a */; };
		62A7C40A167785BD0023C71E /* Default-568h@2x.png in Resources */ = {isa = PBXBuildFile; fileRef = 62A7C407167785BD0023C71E /* Default-568h@2x.png */; };
		62A7C40B167785BD0023C71E /* Default.png in Resources */ = {isa = PBXBuildFile; fileRef = 62A7C408167785BD0023C71E /* Default.png */; };
		62A7C40C167785BD0023C71E /* Default@2x.png in Resources */ = {isa = PBXBuildFile; fileRef = 62A7C409167785BD0023C71E /* Default@2x.png */; };
		62B2F4F21677037100D8D130 /* UIKit.framework in Frameworks */ = {isa = PBXBuildFile; fileRef = 62B2F4F11677037100D8D130 /* UIKit.framework */; };
		62B2F4F41677037100D8D130 /* Foundation.framework in Frameworks */ = {isa = PBXBuildFile; fileRef = 62B2F4F31677037100D8D130 /* Foundation.framework */; };
		62B2F4F61677037100D8D130 /* CoreGraphics.framework in Frameworks */ = {isa = PBXBuildFile; fileRef = 62B2F4F51677037100D8D130 /* CoreGraphics.framework */; };
		62B2F4FC1677037100D8D130 /* InfoPlist.strings in Resources */ = {isa = PBXBuildFile; fileRef = 62B2F4FA1677037100D8D130 /* InfoPlist.strings */; };
		62B2F4FE1677037100D8D130 /* main.m in Sources */ = {isa = PBXBuildFile; fileRef = 62B2F4FD1677037100D8D130 /* main.m */; };
		62B2F5021677037100D8D130 /* BBAppDelegate.m in Sources */ = {isa = PBXBuildFile; fileRef = 62B2F5011677037100D8D130 /* BBAppDelegate.m */; };
		62B2F50B1677037100D8D130 /* MainStoryboard.storyboard in Resources */ = {isa = PBXBuildFile; fileRef = 62B2F5091677037100D8D130 /* MainStoryboard.storyboard */; };
		62B2F50E1677037100D8D130 /* BBViewController.m in Sources */ = {isa = PBXBuildFile; fileRef = 62B2F50D1677037100D8D130 /* BBViewController.m */; };
		62B2F522167713CB00D8D130 /* BBResultTableViewController.m in Sources */ = {isa = PBXBuildFile; fileRef = 62B2F521167713CB00D8D130 /* BBResultTableViewController.m */; };
		62B2F5251677141100D8D130 /* BBDetailViewController.m in Sources */ = {isa = PBXBuildFile; fileRef = 62B2F5241677141100D8D130 /* BBDetailViewController.m */; };
		62B2F52816771CDB00D8D130 /* BBBookResultCell.m in Sources */ = {isa = PBXBuildFile; fileRef = 62B2F52716771CDB00D8D130 /* BBBookResultCell.m */; };
		62B2F59716772FD100D8D130 /* BBDemoAFNetworkingViewController.m in Sources */ = {isa = PBXBuildFile; fileRef = 62B2F59616772FD100D8D130 /* BBDemoAFNetworkingViewController.m */; };
		62B2F5AB16773FA700D8D130 /* BBDemoZBarSDKViewController.m in Sources */ = {isa = PBXBuildFile; fileRef = 62B2F5AA16773FA700D8D130 /* BBDemoZBarSDKViewController.m */; };
		887674AE168AEDB300BD3B1E /* BBDetailData.m in Sources */ = {isa = PBXBuildFile; fileRef = 887674AD168AEDB300BD3B1E /* BBDetailData.m */; };
/* End PBXBuildFile section */

/* Begin PBXFileReference section */
		62A7C407167785BD0023C71E /* Default-568h@2x.png */ = {isa = PBXFileReference; lastKnownFileType = image.png; path = "Default-568h@2x.png"; sourceTree = "<group>"; };
		62A7C408167785BD0023C71E /* Default.png */ = {isa = PBXFileReference; lastKnownFileType = image.png; path = Default.png; sourceTree = "<group>"; };
		62A7C409167785BD0023C71E /* Default@2x.png */ = {isa = PBXFileReference; lastKnownFileType = image.png; path = "Default@2x.png"; sourceTree = "<group>"; };
		62B2F4ED1677037100D8D130 /* BookBot.app */ = {isa = PBXFileReference; explicitFileType = wrapper.application; includeInIndex = 0; path = BookBot.app; sourceTree = BUILT_PRODUCTS_DIR; };
		62B2F4F11677037100D8D130 /* UIKit.framework */ = {isa = PBXFileReference; lastKnownFileType = wrapper.framework; name = UIKit.framework; path = System/Library/Frameworks/UIKit.framework; sourceTree = SDKROOT; };
		62B2F4F31677037100D8D130 /* Foundation.framework */ = {isa = PBXFileReference; lastKnownFileType = wrapper.framework; name = Foundation.framework; path = System/Library/Frameworks/Foundation.framework; sourceTree = SDKROOT; };
		62B2F4F51677037100D8D130 /* CoreGraphics.framework */ = {isa = PBXFileReference; lastKnownFileType = wrapper.framework; name = CoreGraphics.framework; path = System/Library/Frameworks/CoreGraphics.framework; sourceTree = SDKROOT; };
		62B2F4F91677037100D8D130 /* BookBot-Info.plist */ = {isa = PBXFileReference; lastKnownFileType = text.plist.xml; path = "BookBot-Info.plist"; sourceTree = "<group>"; };
		62B2F4FB1677037100D8D130 /* en */ = {isa = PBXFileReference; lastKnownFileType = text.plist.strings; name = en; path = en.lproj/InfoPlist.strings; sourceTree = "<group>"; };
		62B2F4FD1677037100D8D130 /* main.m */ = {isa = PBXFileReference; lastKnownFileType = sourcecode.c.objc; path = main.m; sourceTree = "<group>"; };
		62B2F4FF1677037100D8D130 /* BookBot-Prefix.pch */ = {isa = PBXFileReference; lastKnownFileType = sourcecode.c.h; path = "BookBot-Prefix.pch"; sourceTree = "<group>"; };
		62B2F5001677037100D8D130 /* BBAppDelegate.h */ = {isa = PBXFileReference; lastKnownFileType = sourcecode.c.h; name = BBAppDelegate.h; path = ../BBAppDelegate.h; sourceTree = "<group>"; };
		62B2F5011677037100D8D130 /* BBAppDelegate.m */ = {isa = PBXFileReference; lastKnownFileType = sourcecode.c.objc; name = BBAppDelegate.m; path = ../BBAppDelegate.m; sourceTree = "<group>"; };
		62B2F50A1677037100D8D130 /* en */ = {isa = PBXFileReference; lastKnownFileType = file.storyboard; name = en; path = en.lproj/MainStoryboard.storyboard; sourceTree = "<group>"; };
		62B2F50C1677037100D8D130 /* BBViewController.h */ = {isa = PBXFileReference; lastKnownFileType = sourcecode.c.h; name = BBViewController.h; path = ../BBViewController.h; sourceTree = "<group>"; };
		62B2F50D1677037100D8D130 /* BBViewController.m */ = {isa = PBXFileReference; lastKnownFileType = sourcecode.c.objc; name = BBViewController.m; path = ../BBViewController.m; sourceTree = "<group>"; };
		62B2F520167713CB00D8D130 /* BBResultTableViewController.h */ = {isa = PBXFileReference; fileEncoding = 4; lastKnownFileType = sourcecode.c.h; path = BBResultTableViewController.h; sourceTree = "<group>"; };
		62B2F521167713CB00D8D130 /* BBResultTableViewController.m */ = {isa = PBXFileReference; fileEncoding = 4; lastKnownFileType = sourcecode.c.objc; path = BBResultTableViewController.m; sourceTree = "<group>"; };
		62B2F5231677141100D8D130 /* BBDetailViewController.h */ = {isa = PBXFileReference; fileEncoding = 4; lastKnownFileType = sourcecode.c.h; path = BBDetailViewController.h; sourceTree = "<group>"; };
		62B2F5241677141100D8D130 /* BBDetailViewController.m */ = {isa = PBXFileReference; fileEncoding = 4; lastKnownFileType = sourcecode.c.objc; path = BBDetailViewController.m; sourceTree = "<group>"; };
		62B2F52616771CDB00D8D130 /* BBBookResultCell.h */ = {isa = PBXFileReference; fileEncoding = 4; lastKnownFileType = sourcecode.c.h; name = BBBookResultCell.h; path = Cells/BBBookResultCell.h; sourceTree = "<group>"; };
		62B2F52716771CDB00D8D130 /* BBBookResultCell.m */ = {isa = PBXFileReference; fileEncoding = 4; lastKnownFileType = sourcecode.c.objc; name = BBBookResultCell.m; path = Cells/BBBookResultCell.m; sourceTree = "<group>"; };
		62B2F58C167722E600D8D130 /* AppDefines.h */ = {isa = PBXFileReference; lastKnownFileType = sourcecode.c.h; path = AppDefines.h; sourceTree = "<group>"; };
		62B2F58D1677233200D8D130 /* AppCommon.h */ = {isa = PBXFileReference; fileEncoding = 4; lastKnownFileType = sourcecode.c.h; path = AppCommon.h; sourceTree = "<group>"; };
		62B2F59516772FD100D8D130 /* BBDemoAFNetworkingViewController.h */ = {isa = PBXFileReference; fileEncoding = 4; lastKnownFileType = sourcecode.c.h; path = BBDemoAFNetworkingViewController.h; sourceTree = "<group>"; };
		62B2F59616772FD100D8D130 /* BBDemoAFNetworkingViewController.m */ = {isa = PBXFileReference; fileEncoding = 4; lastKnownFileType = sourcecode.c.objc; path = BBDemoAFNetworkingViewController.m; sourceTree = "<group>"; };
		62B2F5A916773FA700D8D130 /* BBDemoZBarSDKViewController.h */ = {isa = PBXFileReference; fileEncoding = 4; lastKnownFileType = sourcecode.c.h; path = BBDemoZBarSDKViewController.h; sourceTree = "<group>"; };
		62B2F5AA16773FA700D8D130 /* BBDemoZBarSDKViewController.m */ = {isa = PBXFileReference; fileEncoding = 4; lastKnownFileType = sourcecode.c.objc; path = BBDemoZBarSDKViewController.m; sourceTree = "<group>"; };
		87F4C6BA883541BBAF6AE0A5 /* Pods.xcconfig */ = {isa = PBXFileReference; includeInIndex = 1; lastKnownFileType = text.xcconfig; name = Pods.xcconfig; path = Pods/Pods.xcconfig; sourceTree = SOURCE_ROOT; };
		887674AC168AEDB300BD3B1E /* BBDetailData.h */ = {isa = PBXFileReference; fileEncoding = 4; lastKnownFileType = sourcecode.c.h; path = BBDetailData.h; sourceTree = "<group>"; };
		887674AD168AEDB300BD3B1E /* BBDetailData.m */ = {isa = PBXFileReference; fileEncoding = 4; lastKnownFileType = sourcecode.c.objc; path = BBDetailData.m; sourceTree = "<group>"; };
		C0742E63E87F4EEA8601DCD5 /* libPods.a */ = {isa = PBXFileReference; explicitFileType = archive.ar; includeInIndex = 0; path = libPods.a; sourceTree = BUILT_PRODUCTS_DIR; };
/* End PBXFileReference section */

/* Begin PBXFrameworksBuildPhase section */
		62B2F4EA1677037100D8D130 /* Frameworks */ = {
			isa = PBXFrameworksBuildPhase;
			buildActionMask = 2147483647;
			files = (
				62B2F4F21677037100D8D130 /* UIKit.framework in Frameworks */,
				62B2F4F41677037100D8D130 /* Foundation.framework in Frameworks */,
				62B2F4F61677037100D8D130 /* CoreGraphics.framework in Frameworks */,
				1AEA47F3C2E6429AB65213ED /* libPods.a in Frameworks */,
			);
			runOnlyForDeploymentPostprocessing = 0;
		};
/* End PBXFrameworksBuildPhase section */

/* Begin PBXGroup section */
		62B2F4E21677037100D8D130 = {
			isa = PBXGroup;
			children = (
				62B2F4F71677037100D8D130 /* BookBot */,
				62B2F4F01677037100D8D130 /* Frameworks */,
				62B2F4EE1677037100D8D130 /* Products */,
				87F4C6BA883541BBAF6AE0A5 /* Pods.xcconfig */,
			);
			sourceTree = "<group>";
		};
		62B2F4EE1677037100D8D130 /* Products */ = {
			isa = PBXGroup;
			children = (
				62B2F4ED1677037100D8D130 /* BookBot.app */,
			);
			name = Products;
			sourceTree = "<group>";
		};
		62B2F4F01677037100D8D130 /* Frameworks */ = {
			isa = PBXGroup;
			children = (
				62B2F4F11677037100D8D130 /* UIKit.framework */,
				62B2F4F31677037100D8D130 /* Foundation.framework */,
				62B2F4F51677037100D8D130 /* CoreGraphics.framework */,
				C0742E63E87F4EEA8601DCD5 /* libPods.a */,
			);
			name = Frameworks;
			sourceTree = "<group>";
		};
		62B2F4F71677037100D8D130 /* BookBot */ = {
			isa = PBXGroup;
			children = (
				887674AA168AED2C00BD3B1E /* Model */,
				62B2F51E1677094A00D8D130 /* Controllers */,
				62B2F51F1677094A00D8D130 /* Views */,
				62B2F51D1677094100D8D130 /* Resources */,
				62B2F51B1677093400D8D130 /* App */,
				62B2F4F81677037100D8D130 /* Supporting Files */,
			);
			path = BookBot;
			sourceTree = "<group>";
		};
		62B2F4F81677037100D8D130 /* Supporting Files */ = {
			isa = PBXGroup;
			children = (
				62B2F4F91677037100D8D130 /* BookBot-Info.plist */,
				62B2F4FA1677037100D8D130 /* InfoPlist.strings */,
				62B2F4FD1677037100D8D130 /* main.m */,
				62B2F4FF1677037100D8D130 /* BookBot-Prefix.pch */,
			);
			name = "Supporting Files";
			sourceTree = "<group>";
		};
		62B2F51B1677093400D8D130 /* App */ = {
			isa = PBXGroup;
			children = (
				62B2F5001677037100D8D130 /* BBAppDelegate.h */,
				62B2F5011677037100D8D130 /* BBAppDelegate.m */,
				62B2F58C167722E600D8D130 /* AppDefines.h */,
				62B2F58D1677233200D8D130 /* AppCommon.h */,
			);
			path = App;
			sourceTree = "<group>";
		};
		62B2F51D1677094100D8D130 /* Resources */ = {
			isa = PBXGroup;
			children = (
				62A7C407167785BD0023C71E /* Default-568h@2x.png */,
				62A7C408167785BD0023C71E /* Default.png */,
				62A7C409167785BD0023C71E /* Default@2x.png */,
				62B2F5091677037100D8D130 /* MainStoryboard.storyboard */,
			);
			path = Resources;
			sourceTree = "<group>";
		};
		62B2F51E1677094A00D8D130 /* Controllers */ = {
			isa = PBXGroup;
			children = (
				62B2F50C1677037100D8D130 /* BBViewController.h */,
				62B2F50D1677037100D8D130 /* BBViewController.m */,
				62B2F520167713CB00D8D130 /* BBResultTableViewController.h */,
				62B2F521167713CB00D8D130 /* BBResultTableViewController.m */,
				62B2F5231677141100D8D130 /* BBDetailViewController.h */,
				62B2F5241677141100D8D130 /* BBDetailViewController.m */,
				62B2F59516772FD100D8D130 /* BBDemoAFNetworkingViewController.h */,
				62B2F59616772FD100D8D130 /* BBDemoAFNetworkingViewController.m */,
				62B2F5A916773FA700D8D130 /* BBDemoZBarSDKViewController.h */,
				62B2F5AA16773FA700D8D130 /* BBDemoZBarSDKViewController.m */,
			);
			path = Controllers;
			sourceTree = "<group>";
		};
		62B2F51F1677094A00D8D130 /* Views */ = {
			isa = PBXGroup;
			children = (
				62B2F52916771CE500D8D130 /* Cells */,
			);
			path = Views;
			sourceTree = "<group>";
		};
		62B2F52916771CE500D8D130 /* Cells */ = {
			isa = PBXGroup;
			children = (
				62B2F52616771CDB00D8D130 /* BBBookResultCell.h */,
				62B2F52716771CDB00D8D130 /* BBBookResultCell.m */,
			);
			name = Cells;
			sourceTree = "<group>";
		};
		887674AA168AED2C00BD3B1E /* Model */ = {
			isa = PBXGroup;
			children = (
				887674AC168AEDB300BD3B1E /* BBDetailData.h */,
				887674AD168AEDB300BD3B1E /* BBDetailData.m */,
			);
			name = Model;
			sourceTree = "<group>";
		};
/* End PBXGroup section */

/* Begin PBXNativeTarget section */
		62B2F4EC1677037100D8D130 /* BookBot */ = {
			isa = PBXNativeTarget;
			buildConfigurationList = 62B2F5111677037100D8D130 /* Build configuration list for PBXNativeTarget "BookBot" */;
			buildPhases = (
				62B2F4E91677037100D8D130 /* Sources */,
				62B2F4EA1677037100D8D130 /* Frameworks */,
				62B2F4EB1677037100D8D130 /* Resources */,
				AEF1C813E12B4986AEF2BE78 /* Copy Pods Resources */,
			);
			buildRules = (
			);
			dependencies = (
			);
			name = BookBot;
			productName = BookBot;
			productReference = 62B2F4ED1677037100D8D130 /* BookBot.app */;
			productType = "com.apple.product-type.application";
		};
/* End PBXNativeTarget section */

/* Begin PBXProject section */
		62B2F4E41677037100D8D130 /* Project object */ = {
			isa = PBXProject;
			attributes = {
				CLASSPREFIX = BB;
				LastUpgradeCheck = 0450;
				ORGANIZATIONNAME = "Douban.com Inc.";
			};
			buildConfigurationList = 62B2F4E71677037100D8D130 /* Build configuration list for PBXProject "BookBot" */;
			compatibilityVersion = "Xcode 3.2";
			developmentRegion = English;
			hasScannedForEncodings = 0;
			knownRegions = (
				en,
			);
			mainGroup = 62B2F4E21677037100D8D130;
			productRefGroup = 62B2F4EE1677037100D8D130 /* Products */;
			projectDirPath = "";
			projectRoot = "";
			targets = (
				62B2F4EC1677037100D8D130 /* BookBot */,
			);
		};
/* End PBXProject section */

/* Begin PBXResourcesBuildPhase section */
		62B2F4EB1677037100D8D130 /* Resources */ = {
			isa = PBXResourcesBuildPhase;
			buildActionMask = 2147483647;
			files = (
				62B2F4FC1677037100D8D130 /* InfoPlist.strings in Resources */,
				62B2F50B1677037100D8D130 /* MainStoryboard.storyboard in Resources */,
				62A7C40A167785BD0023C71E /* Default-568h@2x.png in Resources */,
				62A7C40B167785BD0023C71E /* Default.png in Resources */,
				62A7C40C167785BD0023C71E /* Default@2x.png in Resources */,
			);
			runOnlyForDeploymentPostprocessing = 0;
		};
/* End PBXResourcesBuildPhase section */

/* Begin PBXShellScriptBuildPhase section */
		AEF1C813E12B4986AEF2BE78 /* Copy Pods Resources */ = {
			isa = PBXShellScriptBuildPhase;
			buildActionMask = 2147483647;
			files = (
			);
			inputPaths = (
			);
			name = "Copy Pods Resources";
			outputPaths = (
			);
			runOnlyForDeploymentPostprocessing = 0;
			shellPath = /bin/sh;
			shellScript = "\"${SRCROOT}/Pods/Pods-resources.sh\"\n";
		};
/* End PBXShellScriptBuildPhase section */

/* Begin PBXSourcesBuildPhase section */
		62B2F4E91677037100D8D130 /* Sources */ = {
			isa = PBXSourcesBuildPhase;
			buildActionMask = 2147483647;
			files = (
				62B2F4FE1677037100D8D130 /* main.m in Sources */,
				62B2F5021677037100D8D130 /* BBAppDelegate.m in Sources */,
				62B2F50E1677037100D8D130 /* BBViewController.m in Sources */,
				62B2F522167713CB00D8D130 /* BBResultTableViewController.m in Sources */,
				62B2F5251677141100D8D130 /* BBDetailViewController.m in Sources */,
				62B2F52816771CDB00D8D130 /* BBBookResultCell.m in Sources */,
				62B2F59716772FD100D8D130 /* BBDemoAFNetworkingViewController.m in Sources */,
				62B2F5AB16773FA700D8D130 /* BBDemoZBarSDKViewController.m in Sources */,
				887674AE168AEDB300BD3B1E /* BBDetailData.m in Sources */,
			);
			runOnlyForDeploymentPostprocessing = 0;
		};
/* End PBXSourcesBuildPhase section */

/* Begin PBXVariantGroup section */
		62B2F4FA1677037100D8D130 /* InfoPlist.strings */ = {
			isa = PBXVariantGroup;
			children = (
				62B2F4FB1677037100D8D130 /* en */,
			);
			name = InfoPlist.strings;
			sourceTree = "<group>";
		};
		62B2F5091677037100D8D130 /* MainStoryboard.storyboard */ = {
			isa = PBXVariantGroup;
			children = (
				62B2F50A1677037100D8D130 /* en */,
			);
			name = MainStoryboard.storyboard;
			path = ..;
			sourceTree = "<group>";
		};
/* End PBXVariantGroup section */

/* Begin XCBuildConfiguration section */
		62B2F50F1677037100D8D130 /* Debug */ = {
			isa = XCBuildConfiguration;
			buildSettings = {
				ALWAYS_SEARCH_USER_PATHS = NO;
				CLANG_CXX_LANGUAGE_STANDARD = "gnu++0x";
				CLANG_CXX_LIBRARY = "libc++";
				CLANG_ENABLE_OBJC_ARC = YES;
				CLANG_WARN_EMPTY_BODY = YES;
				CLANG_WARN__DUPLICATE_METHOD_MATCH = YES;
				"CODE_SIGN_IDENTITY[sdk=iphoneos*]" = "iPhone Developer";
				COPY_PHASE_STRIP = NO;
				GCC_C_LANGUAGE_STANDARD = gnu99;
				GCC_DYNAMIC_NO_PIC = NO;
				GCC_OPTIMIZATION_LEVEL = 0;
				GCC_PREPROCESSOR_DEFINITIONS = (
					"DEBUG=1",
					"$(inherited)",
				);
				GCC_SYMBOLS_PRIVATE_EXTERN = NO;
				GCC_WARN_ABOUT_RETURN_TYPE = YES;
				GCC_WARN_UNINITIALIZED_AUTOS = YES;
				GCC_WARN_UNUSED_VARIABLE = YES;
				IPHONEOS_DEPLOYMENT_TARGET = 5.1;
				ONLY_ACTIVE_ARCH = YES;
				SDKROOT = iphoneos;
			};
			name = Debug;
		};
		62B2F5101677037100D8D130 /* Release */ = {
			isa = XCBuildConfiguration;
			buildSettings = {
				ALWAYS_SEARCH_USER_PATHS = NO;
				CLANG_CXX_LANGUAGE_STANDARD = "gnu++0x";
				CLANG_CXX_LIBRARY = "libc++";
				CLANG_ENABLE_OBJC_ARC = YES;
				CLANG_WARN_EMPTY_BODY = YES;
				CLANG_WARN__DUPLICATE_METHOD_MATCH = YES;
				"CODE_SIGN_IDENTITY[sdk=iphoneos*]" = "iPhone Developer";
				COPY_PHASE_STRIP = YES;
				GCC_C_LANGUAGE_STANDARD = gnu99;
				GCC_WARN_ABOUT_RETURN_TYPE = YES;
				GCC_WARN_UNINITIALIZED_AUTOS = YES;
				GCC_WARN_UNUSED_VARIABLE = YES;
				IPHONEOS_DEPLOYMENT_TARGET = 5.1;
				OTHER_CFLAGS = "-DNS_BLOCK_ASSERTIONS=1";
				SDKROOT = iphoneos;
				VALIDATE_PRODUCT = YES;
			};
			name = Release;
		};
		62B2F5121677037100D8D130 /* Debug */ = {
			isa = XCBuildConfiguration;
			baseConfigurationReference = 87F4C6BA883541BBAF6AE0A5 /* Pods.xcconfig */;
			buildSettings = {
				GCC_PRECOMPILE_PREFIX_HEADER = YES;
				GCC_PREFIX_HEADER = "BookBot/BookBot-Prefix.pch";
				INFOPLIST_FILE = "BookBot/BookBot-Info.plist";
				PRODUCT_NAME = "$(TARGET_NAME)";
				WRAPPER_EXTENSION = app;
			};
			name = Debug;
		};
		62B2F5131677037100D8D130 /* Release */ = {
			isa = XCBuildConfiguration;
			baseConfigurationReference = 87F4C6BA883541BBAF6AE0A5 /* Pods.xcconfig */;
			buildSettings = {
				GCC_PRECOMPILE_PREFIX_HEADER = YES;
				GCC_PREFIX_HEADER = "BookBot/BookBot-Prefix.pch";
				INFOPLIST_FILE = "BookBot/BookBot-Info.plist";
				PRODUCT_NAME = "$(TARGET_NAME)";
				WRAPPER_EXTENSION = app;
			};
			name = Release;
		};
/* End XCBuildConfiguration section */

/* Begin XCConfigurationList section */
		62B2F4E71677037100D8D130 /* Build configuration list for PBXProject "BookBot" */ = {
			isa = XCConfigurationList;
			buildConfigurations = (
				62B2F50F1677037100D8D130 /* Debug */,
				62B2F5101677037100D8D130 /* Release */,
			);
			defaultConfigurationIsVisible = 0;
			defaultConfigurationName = Release;
		};
		62B2F5111677037100D8D130 /* Build configuration list for PBXNativeTarget "BookBot" */ = {
			isa = XCConfigurationList;
			buildConfigurations = (
				62B2F5121677037100D8D130 /* Debug */,
				62B2F5131677037100D8D130 /* Release */,
			);
			defaultConfigurationIsVisible = 0;
			defaultConfigurationName = Release;
		};
/* End XCConfigurationList section */
	};
	rootObject = 62B2F4E41677037100D8D130 /* Project object */;
}
